{
  "name": "static-cdn",
  "version": "1.0.0",
  "lockfileVersion": 3,
  "requires": true,
  "packages": {
    "": {
      "name": "static-cdn",
      "version": "1.0.0",
      "dependencies": {
        "crypt4gh_js": "^1.0.18",
        "crypto-js": "^4.2.0",
        "glob": "^13.0.0",
        "iconv-lite": "^0.6.3",
        "js-yaml": "^4.1.1",
        "jschardet": "^3.0.0",
        "staticrypt": "^3.5.4"
      }
    },
    "node_modules/@isaacs/balanced-match": {
      "version": "4.0.1",
      "license": "MIT",
      "engines": {
        "node": "20 || >=22"
      }
    },
    "node_modules/@isaacs/brace-expansion": {
      "version": "5.0.0",
      "license": "MIT",
      "dependencies": {
        "@isaacs/balanced-match": "^4.0.1"
      },
      "engines": {
        "node": "20 || >=22"
      }
    },
    "node_modules/@noble/ciphers": {
      "version": "0.4.1",
      "license": "MIT",
      "funding": {
        "url": "https://paulmillr.com/funding/"
      }
    },
    "node_modules/@stablelib/aead": {
      "version": "1.0.1",
      "license": "MIT"
    },
    "node_modules/@stablelib/binary": {
      "version": "1.0.1",
      "license": "MIT",
      "dependencies": {
        "@stablelib/int": "^1.0.1"
      }
    },
    "node_modules/@stablelib/blake2b": {
      "version": "1.0.1",
      "license": "MIT",
      "dependencies": {
        "@stablelib/binary": "^1.0.1",
        "@stablelib/hash": "^1.0.1",
        "@stablelib/wipe": "^1.0.1"
      }
    },
    "node_modules/@stablelib/bytes": {
      "version": "1.0.1",
      "license": "MIT"
    },
    "node_modules/@stablelib/chacha": {
      "version": "1.0.1",
      "license": "MIT",
      "dependencies": {
        "@stablelib/binary": "^1.0.1",
        "@stablelib/wipe": "^1.0.1"
      }
    },
    "node_modules/@stablelib/chacha20poly1305": {
      "version": "1.0.1",
      "license": "MIT",
      "dependencies": {
        "@stablelib/aead": "^1.0.1",
        "@stablelib/binary": "^1.0.1",
        "@stablelib/chacha": "^1.0.1",
        "@stablelib/constant-time": "^1.0.1",
        "@stablelib/poly1305": "^1.0.1",
        "@stablelib/wipe": "^1.0.1"
      }
    },
    "node_modules/@stablelib/constant-time": {
      "version": "1.0.1",
      "license": "MIT"
    },
    "node_modules/@stablelib/hash": {
      "version": "1.0.1",
      "license": "MIT"
    },
    "node_modules/@stablelib/int": {
      "version": "1.0.1",
      "license": "MIT"
    },
    "node_modules/@stablelib/keyagreement": {
      "version": "1.0.1",
      "license": "MIT",
      "dependencies": {
        "@stablelib/bytes": "^1.0.1"
      }
    },
    "node_modules/@stablelib/poly1305": {
      "version": "1.0.1",
      "license": "MIT",
      "dependencies": {
        "@stablelib/constant-time": "^1.0.1",
        "@stablelib/wipe": "^1.0.1"
      }
    },
    "node_modules/@stablelib/random": {
      "version": "1.0.2",
      "license": "MIT",
      "dependencies": {
        "@stablelib/binary": "^1.0.1",
        "@stablelib/wipe": "^1.0.1"
      }
    },
    "node_modules/@stablelib/wipe": {
      "version": "1.0.1",
      "license": "MIT"
    },
    "node_modules/@stablelib/x25519": {
      "version": "1.0.3",
      "license": "MIT",
      "dependencies": {
        "@stablelib/keyagreement": "^1.0.1",
        "@stablelib/random": "^1.0.2",
        "@stablelib/wipe": "^1.0.1"
      }
    },
    "node_modules/ansi-regex": {
      "version": "5.0.1",
      "license": "MIT",
      "engines": {
        "node": ">=8"
      }
    },
    "node_modules/ansi-styles": {
      "version": "4.3.0",
      "license": "MIT",
      "dependencies": {
        "color-convert": "^2.0.1"
      },
      "engines": {
        "node": ">=8"
      },
      "funding": {
        "url": "https://github.com/chalk/ansi-styles?sponsor=1"
      }
    },
    "node_modules/argparse": {
      "version": "2.0.1",
      "license": "Python-2.0"
    },
    "node_modules/asn1.js": {
      "version": "4.10.1",
      "license": "MIT",
      "dependencies": {
        "bn.js": "^4.0.0",
        "inherits": "^2.0.1",
        "minimalistic-assert": "^1.0.0"
      }
    },
    "node_modules/asn1.js/node_modules/bn.js": {
      "version": "4.12.2",
      "license": "MIT"
    },
    "node_modules/available-typed-arrays": {
      "version": "1.0.7",
      "license": "MIT",
      "dependencies": {
        "possible-typed-array-names": "^1.0.0"
      },
      "engines": {
        "node": ">= 0.4"
      },
      "funding": {
        "url": "https://github.com/sponsors/ljharb"
      }
    },
    "node_modules/base64-js": {
      "version": "1.5.1",
      "funding": [
        {
          "type": "github",
          "url": "https://github.com/sponsors/feross"
        },
        {
          "type": "patreon",
          "url": "https://www.patreon.com/feross"
        },
        {
          "type": "consulting",
          "url": "https://feross.org/support"
        }
      ],
      "license": "MIT"
    },
    "node_modules/bn.js": {
      "version": "5.2.2",
      "license": "MIT"
    },
    "node_modules/brorand": {
      "version": "1.1.0",
      "license": "MIT"
    },
    "node_modules/browserify-aes": {
      "version": "1.2.0",
      "license": "MIT",
      "dependencies": {
        "buffer-xor": "^1.0.3",
        "cipher-base": "^1.0.0",
        "create-hash": "^1.1.0",
        "evp_bytestokey": "^1.0.3",
        "inherits": "^2.0.1",
        "safe-buffer": "^5.0.1"
      }
    },
    "node_modules/browserify-cipher": {
      "version": "1.0.1",
      "license": "MIT",
      "dependencies": {
        "browserify-aes": "^1.0.4",
        "browserify-des": "^1.0.0",
        "evp_bytestokey": "^1.0.0"
      }
    },
    "node_modules/browserify-des": {
      "version": "1.0.2",
      "license": "MIT",
      "dependencies": {
        "cipher-base": "^1.0.1",
        "des.js": "^1.0.0",
        "inherits": "^2.0.1",
        "safe-buffer": "^5.1.2"
      }
    },
    "node_modules/browserify-rsa": {
      "version": "4.1.1",
      "license": "MIT",
      "dependencies": {
        "bn.js": "^5.2.1",
        "randombytes": "^2.1.0",
        "safe-buffer": "^5.2.1"
      },
      "engines": {
        "node": ">= 0.10"
      }
    },
    "node_modules/browserify-sign": {
      "version": "4.2.5",
      "license": "ISC",
      "dependencies": {
        "bn.js": "^5.2.2",
        "browserify-rsa": "^4.1.1",
        "create-hash": "^1.2.0",
        "create-hmac": "^1.1.7",
        "elliptic": "^6.6.1",
        "inherits": "^2.0.4",
        "parse-asn1": "^5.1.9",
        "readable-stream": "^2.3.8",
        "safe-buffer": "^5.2.1"
      },
      "engines": {
        "node": ">= 0.10"
      }
    },
    "node_modules/buffer": {
      "version": "6.0.3",
      "funding": [
        {
          "type": "github",
          "url": "https://github.com/sponsors/feross"
        },
        {
          "type": "patreon",
          "url": "https://www.patreon.com/feross"
        },
        {
          "type": "consulting",
          "url": "https://feross.org/support"
        }
      ],
      "license": "MIT",
      "dependencies": {
        "base64-js": "^1.3.1",
        "ieee754": "^1.2.1"
      }
    },
    "node_modules/buffer-xor": {
      "version": "1.0.3",
      "license": "MIT"
    },
    "node_modules/call-bind": {
      "version": "1.0.8",
      "license": "MIT",
      "dependencies": {
        "call-bind-apply-helpers": "^1.0.0",
        "es-define-property": "^1.0.0",
        "get-intrinsic": "^1.2.4",
        "set-function-length": "^1.2.2"
      },
      "engines": {
        "node": ">= 0.4"
      },
      "funding": {
        "url": "https://github.com/sponsors/ljharb"
      }
    },
    "node_modules/call-bind-apply-helpers": {
      "version": "1.0.2",
      "license": "MIT",
      "dependencies": {
        "es-errors": "^1.3.0",
        "function-bind": "^1.1.2"
      },
      "engines": {
        "node": ">= 0.4"
      }
    },
    "node_modules/call-bound": {
      "version": "1.0.4",
      "license": "MIT",
      "dependencies": {
        "call-bind-apply-helpers": "^1.0.2",
        "get-intrinsic": "^1.3.0"
      },
      "engines": {
        "node": ">= 0.4"
      },
      "funding": {
        "url": "https://github.com/sponsors/ljharb"
      }
    },
    "node_modules/cipher-base": {
      "version": "1.0.7",
      "license": "MIT",
      "dependencies": {
        "inherits": "^2.0.4",
        "safe-buffer": "^5.2.1",
        "to-buffer": "^1.2.2"
      },
      "engines": {
        "node": ">= 0.10"
      }
    },
    "node_modules/cliui": {
      "version": "8.0.1",
      "license": "ISC",
      "dependencies": {
        "string-width": "^4.2.0",
        "strip-ansi": "^6.0.1",
        "wrap-ansi": "^7.0.0"
      },
      "engines": {
        "node": ">=12"
      }
    },
    "node_modules/color-convert": {
      "version": "2.0.1",
      "license": "MIT",
      "dependencies": {
        "color-name": "~1.1.4"
      },
      "engines": {
        "node": ">=7.0.0"
      }
    },
    "node_modules/color-name": {
      "version": "1.1.4",
      "license": "MIT"
    },
    "node_modules/core-util-is": {
      "version": "1.0.3",
      "license": "MIT"
    },
    "node_modules/create-ecdh": {
      "version": "4.0.4",
      "license": "MIT",
      "dependencies": {
        "bn.js": "^4.1.0",
        "elliptic": "^6.5.3"
      }
    },
    "node_modules/create-ecdh/node_modules/bn.js": {
      "version": "4.12.2",
      "license": "MIT"
    },
    "node_modules/create-hash": {
      "version": "1.2.0",
      "license": "MIT",
      "dependencies": {
        "cipher-base": "^1.0.1",
        "inherits": "^2.0.1",
        "md5.js": "^1.3.4",
        "ripemd160": "^2.0.1",
        "sha.js": "^2.4.0"
      }
    },
    "node_modules/create-hmac": {
      "version": "1.1.7",
      "license": "MIT",
      "dependencies": {
        "cipher-base": "^1.0.3",
        "create-hash": "^1.1.0",
        "inherits": "^2.0.1",
        "ripemd160": "^2.0.0",
        "safe-buffer": "^5.0.1",
        "sha.js": "^2.4.8"
      }
    },
    "node_modules/crypt4gh_js": {
      "version": "1.0.18",
      "resolved": "https://registry.npmmirror.com/crypt4gh_js/-/crypt4gh_js-1.0.18.tgz",
      "integrity": "sha512-aYrmivGTQe2Xe7pf8kXfNba9AoSEwvY/12DHWW/B+xHbfKlkATwbeJ600M35e4hV6AsNfXfEejiwVX3/alZnfA==",
      "dependencies": {
        "@noble/ciphers": "^0.4.1",
        "@stablelib/blake2b": "^1.0.1",
        "@stablelib/chacha20poly1305": "^1.0.1",
        "@stablelib/x25519": "^1.0.3",
        "buffer": "^6.0.3",
        "crypto": "npm:crypto-browserify",
        "crypto-browserify": "^3.12.1",
        "events": "npm:events",
        "libsodium": "^0.7.15",
        "libsodium-wrappers": "^0.7.15",
        "scrypt-js": "^3.0.1",
        "stream": "npm:stream-browserify",
        "vm": "npm:vm-browserify"
      }
    },
    "node_modules/crypto": {
      "name": "crypto-browserify",
      "version": "3.12.1",
      "license": "MIT",
      "dependencies": {
        "browserify-cipher": "^1.0.1",
        "browserify-sign": "^4.2.3",
        "create-ecdh": "^4.0.4",
        "create-hash": "^1.2.0",
        "create-hmac": "^1.1.7",
        "diffie-hellman": "^5.0.3",
        "hash-base": "~3.0.4",
        "inherits": "^2.0.4",
        "pbkdf2": "^3.1.2",
        "public-encrypt": "^4.0.3",
        "randombytes": "^2.1.0",
        "randomfill": "^1.0.4"
      },
      "engines": {
        "node": ">= 0.10"
      },
      "funding": {
        "url": "https://github.com/sponsors/ljharb"
      }
    },
    "node_modules/crypto-browserify": {
      "version": "3.12.1",
      "license": "MIT",
      "dependencies": {
        "browserify-cipher": "^1.0.1",
        "browserify-sign": "^4.2.3",
        "create-ecdh": "^4.0.4",
        "create-hash": "^1.2.0",
        "create-hmac": "^1.1.7",
        "diffie-hellman": "^5.0.3",
        "hash-base": "~3.0.4",
        "inherits": "^2.0.4",
        "pbkdf2": "^3.1.2",
        "public-encrypt": "^4.0.3",
        "randombytes": "^2.1.0",
        "randomfill": "^1.0.4"
      },
      "engines": {
        "node": ">= 0.10"
      },
      "funding": {
        "url": "https://github.com/sponsors/ljharb"
      }
    },
    "node_modules/crypto-js": {
      "version": "4.2.0",
      "resolved": "https://registry.npmmirror.com/crypto-js/-/crypto-js-4.2.0.tgz",
      "integrity": "sha512-KALDyEYgpY+Rlob/iriUtjV6d5Eq+Y191A5g4UqLAi8CyGP9N1+FdVbkc1SxKc2r4YAYqG8JzO2KGL+AizD70Q=="
    },
    "node_modules/define-data-property": {
      "version": "1.1.4",
      "license": "MIT",
      "dependencies": {
        "es-define-property": "^1.0.0",
        "es-errors": "^1.3.0",
        "gopd": "^1.0.1"
      },
      "engines": {
        "node": ">= 0.4"
      },
      "funding": {
        "url": "https://github.com/sponsors/ljharb"
      }
    },
    "node_modules/des.js": {
      "version": "1.1.0",
      "license": "MIT",
      "dependencies": {
        "inherits": "^2.0.1",
        "minimalistic-assert": "^1.0.0"
      }
    },
    "node_modules/diffie-hellman": {
      "version": "5.0.3",
      "license": "MIT",
      "dependencies": {
        "bn.js": "^4.1.0",
        "miller-rabin": "^4.0.0",
        "randombytes": "^2.0.0"
      }
    },
    "node_modules/diffie-hellman/node_modules/bn.js": {
      "version": "4.12.2",
      "license": "MIT"
    },
    "node_modules/dotenv": {
      "version": "16.6.1",
      "license": "BSD-2-Clause",
      "engines": {
        "node": ">=12"
      },
      "funding": {
        "url": "https://dotenvx.com"
      }
    },
    "node_modules/dunder-proto": {
      "version": "1.0.1",
      "license": "MIT",
      "dependencies": {
        "call-bind-apply-helpers": "^1.0.1",
        "es-errors": "^1.3.0",
        "gopd": "^1.2.0"
      },
      "engines": {
        "node": ">= 0.4"
      }
    },
    "node_modules/elliptic": {
      "version": "6.6.1",
      "license": "MIT",
      "dependencies": {
        "bn.js": "^4.11.9",
        "brorand": "^1.1.0",
        "hash.js": "^1.0.0",
        "hmac-drbg": "^1.0.1",
        "inherits": "^2.0.4",
        "minimalistic-assert": "^1.0.1",
        "minimalistic-crypto-utils": "^1.0.1"
      }
    },
    "node_modules/elliptic/node_modules/bn.js": {
      "version": "4.12.2",
      "license": "MIT"
    },
    "node_modules/emoji-regex": {
      "version": "8.0.0",
      "license": "MIT"
    },
    "node_modules/es-define-property": {
      "version": "1.0.1",
      "license": "MIT",
      "engines": {
        "node": ">= 0.4"
      }
    },
    "node_modules/es-errors": {
      "version": "1.3.0",
      "license": "MIT",
      "engines": {
        "node": ">= 0.4"
      }
    },
    "node_modules/es-object-atoms": {
      "version": "1.1.1",
      "license": "MIT",
      "dependencies": {
        "es-errors": "^1.3.0"
      },
      "engines": {
        "node": ">= 0.4"
      }
    },
    "node_modules/escalade": {
      "version": "3.2.0",
      "license": "MIT",
      "engines": {
        "node": ">=6"
      }
    },
    "node_modules/events": {
      "version": "3.3.0",
      "license": "MIT",
      "engines": {
        "node": ">=0.8.x"
      }
    },
    "node_modules/evp_bytestokey": {
      "version": "1.0.3",
      "license": "MIT",
      "dependencies": {
        "md5.js": "^1.3.4",
        "safe-buffer": "^5.1.1"
      }
    },
    "node_modules/for-each": {
      "version": "0.3.5",
      "license": "MIT",
      "dependencies": {
        "is-callable": "^1.2.7"
      },
      "engines": {
        "node": ">= 0.4"
      },
      "funding": {
        "url": "https://github.com/sponsors/ljharb"
      }
    },
    "node_modules/function-bind": {
      "version": "1.1.2",
      "license": "MIT",
      "funding": {
        "url": "https://github.com/sponsors/ljharb"
      }
    },
    "node_modules/get-caller-file": {
      "version": "2.0.5",
      "license": "ISC",
      "engines": {
        "node": "6.* || 8.* || >= 10.*"
      }
    },
    "node_modules/get-intrinsic": {
      "version": "1.3.0",
      "license": "MIT",
      "dependencies": {
        "call-bind-apply-helpers": "^1.0.2",
        "es-define-property": "^1.0.1",
        "es-errors": "^1.3.0",
        "es-object-atoms": "^1.1.1",
        "function-bind": "^1.1.2",
        "get-proto": "^1.0.1",
        "gopd": "^1.2.0",
        "has-symbols": "^1.1.0",
        "hasown": "^2.0.2",
        "math-intrinsics": "^1.1.0"
      },
      "engines": {
        "node": ">= 0.4"
      },
      "funding": {
        "url": "https://github.com/sponsors/ljharb"
      }
    },
    "node_modules/get-proto": {
      "version": "1.0.1",
      "license": "MIT",
      "dependencies": {
        "dunder-proto": "^1.0.1",
        "es-object-atoms": "^1.0.0"
      },
      "engines": {
        "node": ">= 0.4"
      }
    },
    "node_modules/glob": {
      "version": "13.0.0",
      "resolved": "https://registry.npmmirror.com/glob/-/glob-13.0.0.tgz",
      "integrity": "sha512-tvZgpqk6fz4BaNZ66ZsRaZnbHvP/jG3uKJvAZOwEVUL4RTA5nJeeLYfyN9/VA8NX/V3IBG+hkeuGpKjvELkVhA==",
      "dependencies": {
        "minimatch": "^10.1.1",
        "minipass": "^7.1.2",
        "path-scurry": "^2.0.0"
      },
      "engines": {
        "node": "20 || >=22"
      },
      "funding": {
        "url": "https://github.com/sponsors/isaacs"
      }
    },
    "node_modules/gopd": {
      "version": "1.2.0",
      "license": "MIT",
      "engines": {
        "node": ">= 0.4"
      },
      "funding": {
        "url": "https://github.com/sponsors/ljharb"
      }
    },
    "node_modules/has-property-descriptors": {
      "version": "1.0.2",
      "license": "MIT",
      "dependencies": {
        "es-define-property": "^1.0.0"
      },
      "funding": {
        "url": "https://github.com/sponsors/ljharb"
      }
    },
    "node_modules/has-symbols": {
      "version": "1.1.0",
      "license": "MIT",
      "engines": {
        "node": ">= 0.4"
      },
      "funding": {
        "url": "https://github.com/sponsors/ljharb"
      }
    },
    "node_modules/has-tostringtag": {
      "version": "1.0.2",
      "license": "MIT",
      "dependencies": {
        "has-symbols": "^1.0.3"
      },
      "engines": {
        "node": ">= 0.4"
      },
      "funding": {
        "url": "https://github.com/sponsors/ljharb"
      }
    },
    "node_modules/hash-base": {
      "version": "3.0.5",
      "license": "MIT",
      "dependencies": {
        "inherits": "^2.0.4",
        "safe-buffer": "^5.2.1"
      },
      "engines": {
        "node": ">= 0.10"
      }
    },
    "node_modules/hash.js": {
      "version": "1.1.7",
      "license": "MIT",
      "dependencies": {
        "inherits": "^2.0.3",
        "minimalistic-assert": "^1.0.1"
      }
    },
    "node_modules/hasown": {
      "version": "2.0.2",
      "license": "MIT",
      "dependencies": {
        "function-bind": "^1.1.2"
      },
      "engines": {
        "node": ">= 0.4"
      }
    },
    "node_modules/hmac-drbg": {
      "version": "1.0.1",
      "license": "MIT",
      "dependencies": {
        "hash.js": "^1.0.3",
        "minimalistic-assert": "^1.0.0",
        "minimalistic-crypto-utils": "^1.0.1"
      }
    },
    "node_modules/iconv-lite": {
      "version": "0.6.3",
      "resolved": "https://registry.npmmirror.com/iconv-lite/-/iconv-lite-0.6.3.tgz",
      "integrity": "sha512-4fCk79wshMdzMp2rH06qWrJE4iolqLhCUH+OiuIgU++RB0+94NlDL81atO7GX55uUKueo0txHNtvEyI6D7WdMw==",
      "dependencies": {
        "safer-buffer": ">= 2.1.2 < 3.0.0"
      },
      "engines": {
        "node": ">=0.10.0"
      }
    },
    "node_modules/ieee754": {
      "version": "1.2.1",
      "funding": [
        {
          "type": "github",
          "url": "https://github.com/sponsors/feross"
        },
        {
          "type": "patreon",
          "url": "https://www.patreon.com/feross"
        },
        {
          "type": "consulting",
          "url": "https://feross.org/support"
        }
      ],
      "license": "BSD-3-Clause"
    },
    "node_modules/inherits": {
      "version": "2.0.4",
      "license": "ISC"
    },
    "node_modules/is-callable": {
      "version": "1.2.7",
      "license": "MIT",
      "engines": {
        "node": ">= 0.4"
      },
      "funding": {
        "url": "https://github.com/sponsors/ljharb"
      }
    },
    "node_modules/is-fullwidth-code-point": {
      "version": "3.0.0",
      "license": "MIT",
      "engines": {
        "node": ">=8"
      }
    },
    "node_modules/is-typed-array": {
      "version": "1.1.15",
      "license": "MIT",
      "dependencies": {
        "which-typed-array": "^1.1.16"
      },
      "engines": {
        "node": ">= 0.4"
      },
      "funding": {
        "url": "https://github.com/sponsors/ljharb"
      }
    },
    "node_modules/isarray": {
      "version": "1.0.0",
      "license": "MIT"
    },
    "node_modules/js-yaml": {
      "version": "4.1.1",
      "resolved": "https://registry.npmmirror.com/js-yaml/-/js-yaml-4.1.1.tgz",
      "integrity": "sha512-qQKT4zQxXl8lLwBtHMWwaTcGfFOZviOJet3Oy/xmGk2gZH677CJM9EvtfdSkgWcATZhj/55JZ0rmy3myCT5lsA==",
      "dependencies": {
        "argparse": "^2.0.1"
      },
      "bin": {
        "js-yaml": "bin/js-yaml.js"
      }
    },
    "node_modules/jschardet": {
      "version": "3.1.4",
      "resolved": "https://registry.npmmirror.com/jschardet/-/jschardet-3.1.4.tgz",
      "integrity": "sha512-/kmVISmrwVwtyYU40iQUOp3SUPk2dhNCMsZBQX0R1/jZ8maaXJ/oZIzUOiyOqcgtLnETFKYChbJ5iDC/eWmFHg==",
      "engines": {
        "node": ">=0.1.90"
      }
    },
    "node_modules/libsodium": {
      "version": "0.7.15",
      "license": "ISC"
    },
    "node_modules/libsodium-wrappers": {
      "version": "0.7.15",
      "license": "ISC",
      "dependencies": {
        "libsodium": "^0.7.15"
      }
    },
    "node_modules/lru-cache": {
      "version": "11.2.4",
      "license": "BlueOak-1.0.0",
      "engines": {
        "node": "20 || >=22"
      }
    },
    "node_modules/math-intrinsics": {
      "version": "1.1.0",
      "license": "MIT",
      "engines": {
        "node": ">= 0.4"
      }
    },
    "node_modules/md5.js": {
      "version": "1.3.5",
      "license": "MIT",
      "dependencies": {
        "hash-base": "^3.0.0",
        "inherits": "^2.0.1",
        "safe-buffer": "^5.1.2"
      }
    },
    "node_modules/miller-rabin": {
      "version": "4.0.1",
      "license": "MIT",
      "dependencies": {
        "bn.js": "^4.0.0",
        "brorand": "^1.0.1"
      },
      "bin": {
        "miller-rabin": "bin/miller-rabin"
      }
    },
    "node_modules/miller-rabin/node_modules/bn.js": {
      "version": "4.12.2",
      "license": "MIT"
    },
    "node_modules/minimalistic-assert": {
      "version": "1.0.1",
      "license": "ISC"
    },
    "node_modules/minimalistic-crypto-utils": {
      "version": "1.0.1",
      "license": "MIT"
    },
    "node_modules/minimatch": {
      "version": "10.1.1",
      "license": "BlueOak-1.0.0",
      "dependencies": {
        "@isaacs/brace-expansion": "^5.0.0"
      },
      "engines": {
        "node": "20 || >=22"
      },
      "funding": {
        "url": "https://github.com/sponsors/isaacs"
      }
    },
    "node_modules/minipass": {
      "version": "7.1.2",
      "license": "ISC",
      "engines": {
        "node": ">=16 || 14 >=14.17"
      }
    },
    "node_modules/parse-asn1": {
      "version": "5.1.9",
      "license": "ISC",
      "dependencies": {
        "asn1.js": "^4.10.1",
        "browserify-aes": "^1.2.0",
        "evp_bytestokey": "^1.0.3",
        "pbkdf2": "^3.1.5",
        "safe-buffer": "^5.2.1"
      },
      "engines": {
        "node": ">= 0.10"
      }
    },
    "node_modules/path-scurry": {
      "version": "2.0.1",
      "license": "BlueOak-1.0.0",
      "dependencies": {
        "lru-cache": "^11.0.0",
        "minipass": "^7.1.2"
      },
      "engines": {
        "node": "20 || >=22"
      },
      "funding": {
        "url": "https://github.com/sponsors/isaacs"
      }
    },
    "node_modules/pbkdf2": {
      "version": "3.1.5",
      "license": "MIT",
      "dependencies": {
        "create-hash": "^1.2.0",
        "create-hmac": "^1.1.7",
        "ripemd160": "^2.0.3",
        "safe-buffer": "^5.2.1",
        "sha.js": "^2.4.12",
        "to-buffer": "^1.2.1"
      },
      "engines": {
        "node": ">= 0.10"
      }
    },
    "node_modules/possible-typed-array-names": {
      "version": "1.1.0",
      "license": "MIT",
      "engines": {
        "node": ">= 0.4"
      }
    },
    "node_modules/process-nextick-args": {
      "version": "2.0.1",
      "license": "MIT"
    },
    "node_modules/public-encrypt": {
      "version": "4.0.3",
      "license": "MIT",
      "dependencies": {
        "bn.js": "^4.1.0",
        "browserify-rsa": "^4.0.0",
        "create-hash": "^1.1.0",
        "parse-asn1": "^5.0.0",
        "randombytes": "^2.0.1",
        "safe-buffer": "^5.1.2"
      }
    },
    "node_modules/public-encrypt/node_modules/bn.js": {
      "version": "4.12.2",
      "license": "MIT"
    },
    "node_modules/randombytes": {
      "version": "2.1.0",
      "license": "MIT",
      "dependencies": {
        "safe-buffer": "^5.1.0"
      }
    },
    "node_modules/randomfill": {
      "version": "1.0.4",
      "license": "MIT",
      "dependencies": {
        "randombytes": "^2.0.5",
        "safe-buffer": "^5.1.0"
      }
    },
    "node_modules/readable-stream": {
      "version": "2.3.8",
      "license": "MIT",
      "dependencies": {
        "core-util-is": "~1.0.0",
        "inherits": "~2.0.3",
        "isarray": "~1.0.0",
        "process-nextick-args": "~2.0.0",
        "safe-buffer": "~5.1.1",
        "string_decoder": "~1.1.1",
        "util-deprecate": "~1.0.1"
      }
    },
    "node_modules/readable-stream/node_modules/safe-buffer": {
      "version": "5.1.2",
      "license": "MIT"
    },
    "node_modules/require-directory": {
      "version": "2.1.1",
      "license": "MIT",
      "engines": {
        "node": ">=0.10.0"
      }
    },
    "node_modules/ripemd160": {
      "version": "2.0.3",
      "license": "MIT",
      "dependencies": {
        "hash-base": "^3.1.2",
        "inherits": "^2.0.4"
      },
      "engines": {
        "node": ">= 0.8"
      }
    },
    "node_modules/ripemd160/node_modules/hash-base": {
      "version": "3.1.2",
      "license": "MIT",
      "dependencies": {
        "inherits": "^2.0.4",
        "readable-stream": "^2.3.8",
        "safe-buffer": "^5.2.1",
        "to-buffer": "^1.2.1"
      },
      "engines": {
        "node": ">= 0.8"
      }
    },
    "node_modules/safe-buffer": {
      "version": "5.2.1",
      "funding": [
        {
          "type": "github",
          "url": "https://github.com/sponsors/feross"
        },
        {
          "type": "patreon",
          "url": "https://www.patreon.com/feross"
        },
        {
          "type": "consulting",
          "url": "https://feross.org/support"
        }
      ],
      "license": "MIT"
    },
    "node_modules/safer-buffer": {
      "version": "2.1.2",
      "resolved": "https://registry.npmmirror.com/safer-buffer/-/safer-buffer-2.1.2.tgz",
      "integrity": "sha512-YZo3K82SD7Riyi0E1EQPojLz7kpepnSQI9IyPbHHg1XXXevb5dJI7tpyN2ADxGcQbHG7vcyRHk0cbwqcQriUtg=="
    },
    "node_modules/scrypt-js": {
      "version": "3.0.1",
      "license": "MIT"
    },
    "node_modules/set-function-length": {
      "version": "1.2.2",
      "license": "MIT",
      "dependencies": {
        "define-data-property": "^1.1.4",
        "es-errors": "^1.3.0",
        "function-bind": "^1.1.2",
        "get-intrinsic": "^1.2.4",
        "gopd": "^1.0.1",
        "has-property-descriptors": "^1.0.2"
      },
      "engines": {
        "node": ">= 0.4"
      }
    },
    "node_modules/sha.js": {
      "version": "2.4.12",
      "license": "(MIT AND BSD-3-Clause)",
      "dependencies": {
        "inherits": "^2.0.4",
        "safe-buffer": "^5.2.1",
        "to-buffer": "^1.2.0"
      },
      "bin": {
        "sha.js": "bin.js"
      },
      "engines": {
        "node": ">= 0.10"
      },
      "funding": {
        "url": "https://github.com/sponsors/ljharb"
      }
    },
    "node_modules/staticrypt": {
      "version": "3.5.4",
      "resolved": "https://registry.npmmirror.com/staticrypt/-/staticrypt-3.5.4.tgz",
      "integrity": "sha512-xmnmSwfcaufUJXwKFagmEXoOtzc/MzNFed7np++2a4Ui4FZrYFzXVUpC+nXVlcfYJAjhslCLRhn6YGlzDLb5VA==",
      "dependencies": {
        "dotenv": "^16.0.3",
        "yargs": ">=10.0.3 <=17.7.2"
      },
      "bin": {
        "staticrypt": "cli/index.js"
      },
      "engines": {
        "node": ">=16.0.0"
      },
      "funding": {
        "type": "github",
        "url": "https://github.com/robinmoisson/staticrypt?sponsor=1"
      }
    },
    "node_modules/stream": {
      "name": "stream-browserify",
      "version": "3.0.0",
      "license": "MIT",
      "dependencies": {
        "inherits": "~2.0.4",
        "readable-stream": "^3.5.0"
      }
    },
    "node_modules/stream/node_modules/readable-stream": {
      "version": "3.6.2",
      "license": "MIT",
      "dependencies": {
        "inherits": "^2.0.3",
        "string_decoder": "^1.1.1",
        "util-deprecate": "^1.0.1"
      },
      "engines": {
        "node": ">= 6"
      }
    },
    "node_modules/string_decoder": {
      "version": "1.1.1",
      "license": "MIT",
      "dependencies": {
        "safe-buffer": "~5.1.0"
      }
    },
    "node_modules/string_decoder/node_modules/safe-buffer": {
      "version": "5.1.2",
      "license": "MIT"
    },
    "node_modules/string-width": {
      "version": "4.2.3",
      "license": "MIT",
      "dependencies": {
        "emoji-regex": "^8.0.0",
        "is-fullwidth-code-point": "^3.0.0",
        "strip-ansi": "^6.0.1"
      },
      "engines": {
        "node": ">=8"
      }
    },
    "node_modules/strip-ansi": {
      "version": "6.0.1",
      "license": "MIT",
      "dependencies": {
        "ansi-regex": "^5.0.1"
      },
      "engines": {
        "node": ">=8"
      }
    },
    "node_modules/to-buffer": {
      "version": "1.2.2",
      "license": "MIT",
      "dependencies": {
        "isarray": "^2.0.5",
        "safe-buffer": "^5.2.1",
        "typed-array-buffer": "^1.0.3"
      },
      "engines": {
        "node": ">= 0.4"
      }
    },
    "node_modules/to-buffer/node_modules/isarray": {
      "version": "2.0.5",
      "license": "MIT"
    },
    "node_modules/typed-array-buffer": {
      "version": "1.0.3",
      "license": "MIT",
      "dependencies": {
        "call-bound": "^1.0.3",
        "es-errors": "^1.3.0",
        "is-typed-array": "^1.1.14"
      },
      "engines": {
        "node": ">= 0.4"
      }
    },
    "node_modules/util-deprecate": {
      "version": "1.0.2",
      "license": "MIT"
    },
    "node_modules/vm": {
      "name": "vm-browserify",
      "version": "1.1.2",
      "license": "MIT"
    },
    "node_modules/which-typed-array": {
      "version": "1.1.19",
      "license": "MIT",
      "dependencies": {
        "available-typed-arrays": "^1.0.7",
        "call-bind": "^1.0.8",
        "call-bound": "^1.0.4",
        "for-each": "^0.3.5",
        "get-proto": "^1.0.1",
        "gopd": "^1.2.0",
        "has-tostringtag": "^1.0.2"
      },
      "engines": {
        "node": ">= 0.4"
      },
      "funding": {
        "url": "https://github.com/sponsors/ljharb"
      }
    },
    "node_modules/wrap-ansi": {
      "version": "7.0.0",
      "license": "MIT",
      "dependencies": {
        "ansi-styles": "^4.0.0",
        "string-width": "^4.1.0",
        "strip-ansi": "^6.0.0"
      },
      "engines": {
        "node": ">=10"
      },
      "funding": {
        "url": "https://github.com/chalk/wrap-ansi?sponsor=1"
      }
    },
    "node_modules/y18n": {
      "version": "5.0.8",
      "license": "ISC",
      "engines": {
        "node": ">=10"
      }
    },
    "node_modules/yargs": {
      "version": "17.7.2",
      "license": "MIT",
      "dependencies": {
        "cliui": "^8.0.1",
        "escalade": "^3.1.1",
        "get-caller-file": "^2.0.5",
        "require-directory": "^2.1.1",
        "string-width": "^4.2.3",
        "y18n": "^5.0.5",
        "yargs-parser": "^21.1.1"
      },
      "engines": {
        "node": ">=12"
      }
    },
    "node_modules/yargs-parser": {
      "version": "21.1.1",
      "license": "ISC",
      "engines": {
        "node": ">=12"
      }
    }
  }
}
